
Microsoft Visual Studio Solution File, Format Version 12.00
# Visual Studio 15
VisualStudioVersion = 15.0.28010.2019
MinimumVisualStudioVersion = 10.0.40219.1
Project("{FAE04EC0-301F-11D3-BF4B-00C04F79EFBC}") = "Rssman.Api", "Rssman.Api\Rssman.Api.csproj", "{CD1D0AD2-3EAB-4B18-8CA1-B25321D00CDA}"
EndProject
Global
	GlobalSection(SolutionConfigurationPlatforms) = preSolution
		Debug|Any CPU = Debug|Any CPU
		Release|Any CPU = Release|Any CPU
	EndGlobalSection
	GlobalSection(ProjectConfigurationPlatforms) = postSolution
		{CD1D0AD2-3EAB-4B18-8CA1-B25321D00CDA}.Debug|Any CPU.ActiveCfg = Debug|Any CPU
		{CD1D0AD2-3EAB-4B18-8CA1-B25321D00CDA}.Debug|Any CPU.Build.0 = Debug|Any CPU
		{CD1D0AD2-3EAB-4B18-8CA1-B25321D00CDA}.Release|Any CPU.ActiveCfg = Release|Any CPU
		{CD1D0AD2-3EAB-4B18-8CA1-B25321D00CDA}.Release|Any CPU.Build.0 = Release|Any CPU
	EndGlobalSection
	GlobalSection(SolutionProperties) = preSolution
		HideSolutionNode = FALSE
	EndGlobalSection
	GlobalSection(ExtensibilityGlobals) = postSolution
		SolutionGuid = {F8D29F41-5093-45A2-B71F-2D758640D98A}
	EndGlobalSection
EndGlobal
